{
  "requires": true,
  "lockfileVersion": 1,
  "dependencies": {
    "@mapbox/point-geometry": {
      "version": "0.1.0",
      "resolved": "https://registry.npmjs.org/@mapbox/point-geometry/-/point-geometry-0.1.0.tgz",
      "integrity": "sha1-ioP5M1x4YO/6Lu7KJUMyqgru2PI="
    },
    "@types/google-maps": {
      "version": "3.2.0",
      "resolved": "http://registry.npmjs.org/@types/google-maps/-/google-maps-3.2.0.tgz",
      "integrity": "sha1-gEo66aySZbTg0VCLW5uJSGeXT4I=",
      "requires": {
        "@types/googlemaps": "*"
      }
    },
    "@types/googlemaps": {
      "version": "3.30.16",
      "resolved": "https://registry.npmjs.org/@types/googlemaps/-/googlemaps-3.30.16.tgz",
      "integrity": "sha512-6OZ64ahLzYfzuSr71y4jAHZXiwxjvvEM2bfF2tzjIc9KUZVbO30SkYa8WewTsR8aM5BFz/uBiNlZ14eRLXYS0g=="
    },
    "@types/markerclustererplus": {
      "version": "2.1.33",
      "resolved": "https://registry.npmjs.org/@types/markerclustererplus/-/markerclustererplus-2.1.33.tgz",
      "integrity": "sha512-ZDxsLUp8BmK9MVZZeQVDDzVrEXgRL0021AQcfXqfreFhdfZ9+PS0P6o4nZBvoIVYTmGSBemdCdI6mL6hf9yWvg==",
      "requires": {
        "@types/google-maps": "*"
      }
    },
    "eventemitter3": {
      "version": "1.2.0",
      "resolved": "https://registry.npmjs.org/eventemitter3/-/eventemitter3-1.2.0.tgz",
      "integrity": "sha1-HIaZHYFq0eUEdQ5zh0Ik7PO+xQg="
    },
    "google-map-react": {
      "version": "1.1.2",
      "resolved": "https://registry.npmjs.org/google-map-react/-/google-map-react-1.1.2.tgz",
      "integrity": "sha512-uHyhLW0db1nXMWYfazTnm6GiMzITUZ+OldFt+u0lLsC/ndSNVZWY0Hn2v8s2+vnpg88ZU0cAk7nRK5UXq0ahaA==",
      "requires": {
        "@mapbox/point-geometry": "^0.1.0",
        "eventemitter3": "^1.1.0",
        "scriptjs": "^2.5.7"
      }
    },
    "scriptjs": {
      "version": "2.5.9",
      "resolved": "https://registry.npmjs.org/scriptjs/-/scriptjs-2.5.9.tgz",
      "integrity": "sha512-qGVDoreyYiP1pkQnbnFAUIS5AjenNwwQBdl7zeos9etl+hYKWahjRTfzAZZYBv5xNHx7vNKCmaLDQZ6Fr2AEXg=="
    }
  }
}
